
Microsoft Visual Studio Solution File, Format Version 12.00
# Visual Studio Version 17
VisualStudioVersion = 17.11.35222.181
MinimumVisualStudioVersion = 10.0.40219.1
Project("{FAE04EC0-301F-11D3-BF4B-00C04F79EFBC}") = "CarWebsite", "CarWebsite\CarWebsite.csproj", "{C82E0189-55FC-47F6-B531-65F2987BEB10}"
EndProject
Global
	GlobalSection(SolutionConfigurationPlatforms) = preSolution
		Debug|Any CPU = Debug|Any CPU
		Release|Any CPU = Release|Any CPU
	EndGlobalSection
	GlobalSection(ProjectConfigurationPlatforms) = postSolution
		{C82E0189-55FC-47F6-B531-65F2987BEB10}.Debug|Any CPU.ActiveCfg = Debug|Any CPU
		{C82E0189-55FC-47F6-B531-65F2987BEB10}.Debug|Any CPU.Build.0 = Debug|Any CPU
		{C82E0189-55FC-47F6-B531-65F2987BEB10}.Release|Any CPU.ActiveCfg = Release|Any CPU
		{C82E0189-55FC-47F6-B531-65F2987BEB10}.Release|Any CPU.Build.0 = Release|Any CPU
	EndGlobalSection
	GlobalSection(SolutionProperties) = preSolution
		HideSolutionNode = FALSE
	EndGlobalSection
	GlobalSection(ExtensibilityGlobals) = postSolution
		SolutionGuid = {B42EB2DB-F6DF-4955-99CC-E0DB29385C64}
	EndGlobalSection
EndGlobal
